# @generated by Move, please check-in and do not edit manually.

[move]
version = 3
manifest_digest = "2472DF7A1EC6952AD9E70F2E74521A28FE8FC92B6DC30CBA0E722E1001307DEA"
deps_digest = "3C4103934B1E040BB6B23F1D610B4EF9F2F1166A50A104EADCF77467C004C600"
dependencies = [
  { id = "MoveStdlib", name = "MoveStdlib" },
  { id = "Sui", name = "Sui" },
]

[[move.package]]
id = "MoveStdlib"
source = { local = "../../../../../../crates/sui-framework/packages/move-stdlib" }

[[move.package]]
id = "Sui"
source = { local = "../../../../../../crates/sui-framework/packages/sui-framework" }

dependencies = [
  { id = "MoveStdlib", name = "MoveStdlib" },
]

[move.toolchain-version]
compiler-version = "1.40.0"
edition = "2024.beta"
flavor = "sui"
